
Microsoft Visual Studio Solution File, Format Version 12.00
# Visual Studio Version 16
VisualStudioVersion = 16.0.30320.27
MinimumVisualStudioVersion = 10.0.40219.1
Project("{FAE04EC0-301F-11D3-BF4B-00C04F79EFBC}") = "A133590.Ejercicio33", "A133590.Ejercicio33.csproj", "{CF775F5C-ACD2-46C6-A6B6-CB1E403BD1CC}"
EndProject
Global
	GlobalSection(SolutionConfigurationPlatforms) = preSolution
		Debug|Any CPU = Debug|Any CPU
		Release|Any CPU = Release|Any CPU
	EndGlobalSection
	GlobalSection(ProjectConfigurationPlatforms) = postSolution
		{CF775F5C-ACD2-46C6-A6B6-CB1E403BD1CC}.Debug|Any CPU.ActiveCfg = Debug|Any CPU
		{CF775F5C-ACD2-46C6-A6B6-CB1E403BD1CC}.Debug|Any CPU.Build.0 = Debug|Any CPU
		{CF775F5C-ACD2-46C6-A6B6-CB1E403BD1CC}.Release|Any CPU.ActiveCfg = Release|Any CPU
		{CF775F5C-ACD2-46C6-A6B6-CB1E403BD1CC}.Release|Any CPU.Build.0 = Release|Any CPU
	EndGlobalSection
	GlobalSection(SolutionProperties) = preSolution
		HideSolutionNode = FALSE
	EndGlobalSection
	GlobalSection(ExtensibilityGlobals) = postSolution
		SolutionGuid = {A2795E24-B7B7-4CA0-AB75-8C52BB223034}
	EndGlobalSection
EndGlobal
